// !$*UTF8*$!
{
	archiveVersion = 1;
	classes = {
	};
	objectVersion = 50;
	objects = {

/* Begin PBXBuildFile section */
		93A0D5182609DF020071FF65 /* DoodlesDataSource.swift in Sources */ = {isa = PBXBuildFile; fileRef = 93A0D5172609DF020071FF65 /* DoodlesDataSource.swift */; };
		93A0D51B2609DF4B0071FF65 /* Doodle.swift in Sources */ = {isa = PBXBuildFile; fileRef = 93A0D51A2609DF4B0071FF65 /* Doodle.swift */; };
		93A0D51E2609E1E20071FF65 /* doodle.json in Resources */ = {isa = PBXBuildFile; fileRef = 93A0D51D2609E1E20071FF65 /* doodle.json */; };
		93A0D5212609E4330071FF65 /* JsonParser.swift in Sources */ = {isa = PBXBuildFile; fileRef = 93A0D5202609E4330071FF65 /* JsonParser.swift */; };
		AE2F88662608692100FEF56A /* PhotoCell.swift in Sources */ = {isa = PBXBuildFile; fileRef = AE2F88652608692100FEF56A /* PhotoCell.swift */; };
		AE2F886926086A2000FEF56A /* UIColor+ext.swift in Sources */ = {isa = PBXBuildFile; fileRef = AE2F886826086A2000FEF56A /* UIColor+ext.swift */; };
		AE49A34326088C33001E57EC /* PhotosDataSource.swift in Sources */ = {isa = PBXBuildFile; fileRef = AE49A34226088C33001E57EC /* PhotosDataSource.swift */; };
		AE49A34626088FA3001E57EC /* Photo.swift in Sources */ = {isa = PBXBuildFile; fileRef = AE49A34526088FA3001E57EC /* Photo.swift */; };
		AE49A3492608922F001E57EC /* PhotosGenerator.swift in Sources */ = {isa = PBXBuildFile; fileRef = AE49A3482608922F001E57EC /* PhotosGenerator.swift */; };
		AE620F712609890900BD0FCE /* DoodleViewController.swift in Sources */ = {isa = PBXBuildFile; fileRef = AE620F702609890900BD0FCE /* DoodleViewController.swift */; };
		AEB13A952608646400B70026 /* AppDelegate.swift in Sources */ = {isa = PBXBuildFile; fileRef = AEB13A942608646400B70026 /* AppDelegate.swift */; };
		AEB13A972608646400B70026 /* SceneDelegate.swift in Sources */ = {isa = PBXBuildFile; fileRef = AEB13A962608646400B70026 /* SceneDelegate.swift */; };
		AEB13A992608646400B70026 /* ViewController.swift in Sources */ = {isa = PBXBuildFile; fileRef = AEB13A982608646400B70026 /* ViewController.swift */; };
		AEB13A9C2608646400B70026 /* Main.storyboard in Resources */ = {isa = PBXBuildFile; fileRef = AEB13A9A2608646400B70026 /* Main.storyboard */; };
		AEB13A9E2608646500B70026 /* Assets.xcassets in Resources */ = {isa = PBXBuildFile; fileRef = AEB13A9D2608646500B70026 /* Assets.xcassets */; };
		AEB13AA12608646500B70026 /* LaunchScreen.storyboard in Resources */ = {isa = PBXBuildFile; fileRef = AEB13A9F2608646500B70026 /* LaunchScreen.storyboard */; };
/* End PBXBuildFile section */

/* Begin PBXFileReference section */
		93A0D5172609DF020071FF65 /* DoodlesDataSource.swift */ = {isa = PBXFileReference; lastKnownFileType = sourcecode.swift; path = DoodlesDataSource.swift; sourceTree = "<group>"; };
		93A0D51A2609DF4B0071FF65 /* Doodle.swift */ = {isa = PBXFileReference; lastKnownFileType = sourcecode.swift; path = Doodle.swift; sourceTree = "<group>"; };
		93A0D51D2609E1E20071FF65 /* doodle.json */ = {isa = PBXFileReference; fileEncoding = 4; lastKnownFileType = text.json; path = doodle.json; sourceTree = "<group>"; };
		93A0D5202609E4330071FF65 /* JsonParser.swift */ = {isa = PBXFileReference; lastKnownFileType = sourcecode.swift; path = JsonParser.swift; sourceTree = "<group>"; };
		AE2F88652608692100FEF56A /* PhotoCell.swift */ = {isa = PBXFileReference; lastKnownFileType = sourcecode.swift; path = PhotoCell.swift; sourceTree = "<group>"; };
		AE2F886826086A2000FEF56A /* UIColor+ext.swift */ = {isa = PBXFileReference; lastKnownFileType = sourcecode.swift; path = "UIColor+ext.swift"; sourceTree = "<group>"; };
		AE49A34226088C33001E57EC /* PhotosDataSource.swift */ = {isa = PBXFileReference; lastKnownFileType = sourcecode.swift; path = PhotosDataSource.swift; sourceTree = "<group>"; };
		AE49A34526088FA3001E57EC /* Photo.swift */ = {isa = PBXFileReference; lastKnownFileType = sourcecode.swift; path = Photo.swift; sourceTree = "<group>"; };
		AE49A3482608922F001E57EC /* PhotosGenerator.swift */ = {isa = PBXFileReference; lastKnownFileType = sourcecode.swift; path = PhotosGenerator.swift; sourceTree = "<group>"; };
		AE620F702609890900BD0FCE /* DoodleViewController.swift */ = {isa = PBXFileReference; lastKnownFileType = sourcecode.swift; path = DoodleViewController.swift; sourceTree = "<group>"; };
		AEB13A912608646400B70026 /* PhotosApp.app */ = {isa = PBXFileReference; explicitFileType = wrapper.application; includeInIndex = 0; path = PhotosApp.app; sourceTree = BUILT_PRODUCTS_DIR; };
		AEB13A942608646400B70026 /* AppDelegate.swift */ = {isa = PBXFileReference; lastKnownFileType = sourcecode.swift; path = AppDelegate.swift; sourceTree = "<group>"; };
		AEB13A962608646400B70026 /* SceneDelegate.swift */ = {isa = PBXFileReference; lastKnownFileType = sourcecode.swift; path = SceneDelegate.swift; sourceTree = "<group>"; };
		AEB13A982608646400B70026 /* ViewController.swift */ = {isa = PBXFileReference; lastKnownFileType = sourcecode.swift; path = ViewController.swift; sourceTree = "<group>"; };
		AEB13A9B2608646400B70026 /* Base */ = {isa = PBXFileReference; lastKnownFileType = file.storyboard; name = Base; path = Base.lproj/Main.storyboard; sourceTree = "<group>"; };
		AEB13A9D2608646500B70026 /* Assets.xcassets */ = {isa = PBXFileReference; lastKnownFileType = folder.assetcatalog; path = Assets.xcassets; sourceTree = "<group>"; };
		AEB13AA02608646500B70026 /* Base */ = {isa = PBXFileReference; lastKnownFileType = file.storyboard; name = Base; path = Base.lproj/LaunchScreen.storyboard; sourceTree = "<group>"; };
		AEB13AA22608646500B70026 /* Info.plist */ = {isa = PBXFileReference; lastKnownFileType = text.plist.xml; path = Info.plist; sourceTree = "<group>"; };
/* End PBXFileReference section */

/* Begin PBXFrameworksBuildPhase section */
		AEB13A8E2608646400B70026 /* Frameworks */ = {
			isa = PBXFrameworksBuildPhase;
			buildActionMask = 2147483647;
			files = (
			);
			runOnlyForDeploymentPostprocessing = 0;
		};
/* End PBXFrameworksBuildPhase section */

/* Begin PBXGroup section */
		AEB13A882608646400B70026 = {
			isa = PBXGroup;
			children = (
				AEB13A932608646400B70026 /* PhotosApp */,
				AEB13A922608646400B70026 /* Products */,
			);
			sourceTree = "<group>";
		};
		AEB13A922608646400B70026 /* Products */ = {
			isa = PBXGroup;
			children = (
				AEB13A912608646400B70026 /* PhotosApp.app */,
			);
			name = Products;
			sourceTree = "<group>";
		};
		AEB13A932608646400B70026 /* PhotosApp */ = {
			isa = PBXGroup;
			children = (
				AEB13A942608646400B70026 /* AppDelegate.swift */,
				AEB13A962608646400B70026 /* SceneDelegate.swift */,
				AEB13A982608646400B70026 /* ViewController.swift */,
				AE620F702609890900BD0FCE /* DoodleViewController.swift */,
				AE49A34226088C33001E57EC /* PhotosDataSource.swift */,
				AE49A34526088FA3001E57EC /* Photo.swift */,
				93A0D5172609DF020071FF65 /* DoodlesDataSource.swift */,
				93A0D51A2609DF4B0071FF65 /* Doodle.swift */,
				93A0D5202609E4330071FF65 /* JsonParser.swift */,
				AE49A3482608922F001E57EC /* PhotosGenerator.swift */,
				AE2F88652608692100FEF56A /* PhotoCell.swift */,
				AE2F886826086A2000FEF56A /* UIColor+ext.swift */,
				AEB13A9A2608646400B70026 /* Main.storyboard */,
				AEB13A9D2608646500B70026 /* Assets.xcassets */,
				AEB13A9F2608646500B70026 /* LaunchScreen.storyboard */,
				AEB13AA22608646500B70026 /* Info.plist */,
				93A0D51D2609E1E20071FF65 /* doodle.json */,
			);
			path = PhotosApp;
			sourceTree = "<group>";
		};
/* End PBXGroup section */

/* Begin PBXNativeTarget section */
		AEB13A902608646400B70026 /* PhotosApp */ = {
			isa = PBXNativeTarget;
			buildConfigurationList = AEB13AA52608646500B70026 /* Build configuration list for PBXNativeTarget "PhotosApp" */;
			buildPhases = (
				AEB13A8D2608646400B70026 /* Sources */,
				AEB13A8E2608646400B70026 /* Frameworks */,
				AEB13A8F2608646400B70026 /* Resources */,
			);
			buildRules = (
			);
			dependencies = (
			);
			name = PhotosApp;
			productName = PhotosApp;
			productReference = AEB13A912608646400B70026 /* PhotosApp.app */;
			productType = "com.apple.product-type.application";
		};
/* End PBXNativeTarget section */

/* Begin PBXProject section */
		AEB13A892608646400B70026 /* Project object */ = {
			isa = PBXProject;
			attributes = {
				LastSwiftUpdateCheck = 1240;
				LastUpgradeCheck = 1240;
				TargetAttributes = {
					AEB13A902608646400B70026 = {
						CreatedOnToolsVersion = 12.4;
					};
				};
			};
			buildConfigurationList = AEB13A8C2608646400B70026 /* Build configuration list for PBXProject "PhotosApp" */;
			compatibilityVersion = "Xcode 9.3";
			developmentRegion = en;
			hasScannedForEncodings = 0;
			knownRegions = (
				en,
				Base,
			);
			mainGroup = AEB13A882608646400B70026;
			productRefGroup = AEB13A922608646400B70026 /* Products */;
			projectDirPath = "";
			projectRoot = "";
			targets = (
				AEB13A902608646400B70026 /* PhotosApp */,
			);
		};
/* End PBXProject section */

/* Begin PBXResourcesBuildPhase section */
		AEB13A8F2608646400B70026 /* Resources */ = {
			isa = PBXResourcesBuildPhase;
			buildActionMask = 2147483647;
			files = (
				AEB13AA12608646500B70026 /* LaunchScreen.storyboard in Resources */,
				AEB13A9E2608646500B70026 /* Assets.xcassets in Resources */,
				93A0D51E2609E1E20071FF65 /* doodle.json in Resources */,
				AEB13A9C2608646400B70026 /* Main.storyboard in Resources */,
			);
			runOnlyForDeploymentPostprocessing = 0;
		};
/* End PBXResourcesBuildPhase section */

/* Begin PBXSourcesBuildPhase section */
		AEB13A8D2608646400B70026 /* Sources */ = {
			isa = PBXSourcesBuildPhase;
			buildActionMask = 2147483647;
			files = (
				AE49A34626088FA3001E57EC /* Photo.swift in Sources */,
				AE2F88662608692100FEF56A /* PhotoCell.swift in Sources */,
				93A0D5212609E4330071FF65 /* JsonParser.swift in Sources */,
				AEB13A992608646400B70026 /* ViewController.swift in Sources */,
				AEB13A952608646400B70026 /* AppDelegate.swift in Sources */,
				AE49A3492608922F001E57EC /* PhotosGenerator.swift in Sources */,
				93A0D51B2609DF4B0071FF65 /* Doodle.swift in Sources */,
				AEB13A972608646400B70026 /* SceneDelegate.swift in Sources */,
				AE2F886926086A2000FEF56A /* UIColor+ext.swift in Sources */,
				93A0D5182609DF020071FF65 /* DoodlesDataSource.swift in Sources */,
				AE620F712609890900BD0FCE /* DoodleViewController.swift in Sources */,
				AE49A34326088C33001E57EC /* PhotosDataSource.swift in Sources */,
			);
			runOnlyForDeploymentPostprocessing = 0;
		};
/* End PBXSourcesBuildPhase section */

/* Begin PBXVariantGroup section */
		AEB13A9A2608646400B70026 /* Main.storyboard */ = {
			isa = PBXVariantGroup;
			children = (
				AEB13A9B2608646400B70026 /* Base */,
			);
			name = Main.storyboard;
			sourceTree = "<group>";
		};
		AEB13A9F2608646500B70026 /* LaunchScreen.storyboard */ = {
			isa = PBXVariantGroup;
			children = (
				AEB13AA02608646500B70026 /* Base */,
			);
			name = LaunchScreen.storyboard;
			sourceTree = "<group>";
		};
/* End PBXVariantGroup section */

/* Begin XCBuildConfiguration section */
		AEB13AA32608646500B70026 /* Debug */ = {
			isa = XCBuildConfiguration;
			buildSettings = {
				ALWAYS_SEARCH_USER_PATHS = NO;
				CLANG_ANALYZER_NONNULL = YES;
				CLANG_ANALYZER_NUMBER_OBJECT_CONVERSION = YES_AGGRESSIVE;
				CLANG_CXX_LANGUAGE_STANDARD = "gnu++14";
				CLANG_CXX_LIBRARY = "libc++";
				CLANG_ENABLE_MODULES = YES;
				CLANG_ENABLE_OBJC_ARC = YES;
				CLANG_ENABLE_OBJC_WEAK = YES;
				CLANG_WARN_BLOCK_CAPTURE_AUTORELEASING = YES;
				CLANG_WARN_BOOL_CONVERSION = YES;
				CLANG_WARN_COMMA = YES;
				CLANG_WARN_CONSTANT_CONVERSION = YES;
				CLANG_WARN_DEPRECATED_OBJC_IMPLEMENTATIONS = YES;
				CLANG_WARN_DIRECT_OBJC_ISA_USAGE = YES_ERROR;
				CLANG_WARN_DOCUMENTATION_COMMENTS = YES;
				CLANG_WARN_EMPTY_BODY = YES;
				CLANG_WARN_ENUM_CONVERSION = YES;
				CLANG_WARN_INFINITE_RECURSION = YES;
				CLANG_WARN_INT_CONVERSION = YES;
				CLANG_WARN_NON_LITERAL_NULL_CONVERSION = YES;
				CLANG_WARN_OBJC_IMPLICIT_RETAIN_SELF = YES;
				CLANG_WARN_OBJC_LITERAL_CONVERSION = YES;
				CLANG_WARN_OBJC_ROOT_CLASS = YES_ERROR;
				CLANG_WARN_QUOTED_INCLUDE_IN_FRAMEWORK_HEADER = YES;
				CLANG_WARN_RANGE_LOOP_ANALYSIS = YES;
				CLANG_WARN_STRICT_PROTOTYPES = YES;
				CLANG_WARN_SUSPICIOUS_MOVE = YES;
				CLANG_WARN_UNGUARDED_AVAILABILITY = YES_AGGRESSIVE;
				CLANG_WARN_UNREACHABLE_CODE = YES;
				CLANG_WARN__DUPLICATE_METHOD_MATCH = YES;
				COPY_PHASE_STRIP = NO;
				DEBUG_INFORMATION_FORMAT = dwarf;
				ENABLE_STRICT_OBJC_MSGSEND = YES;
				ENABLE_TESTABILITY = YES;
				GCC_C_LANGUAGE_STANDARD = gnu11;
				GCC_DYNAMIC_NO_PIC = NO;
				GCC_NO_COMMON_BLOCKS = YES;
				GCC_OPTIMIZATION_LEVEL = 0;
				GCC_PREPROCESSOR_DEFINITIONS = (
					"DEBUG=1",
					"$(inherited)",
				);
				GCC_WARN_64_TO_32_BIT_CONVERSION = YES;
				GCC_WARN_ABOUT_RETURN_TYPE = YES_ERROR;
				GCC_WARN_UNDECLARED_SELECTOR = YES;
				GCC_WARN_UNINITIALIZED_AUTOS = YES_AGGRESSIVE;
				GCC_WARN_UNUSED_FUNCTION = YES;
				GCC_WARN_UNUSED_VARIABLE = YES;
				IPHONEOS_DEPLOYMENT_TARGET = 14.3;
				MTL_ENABLE_DEBUG_INFO = INCLUDE_SOURCE;
				MTL_FAST_MATH = YES;
				ONLY_ACTIVE_ARCH = YES;
				SDKROOT = iphoneos;
				SWIFT_ACTIVE_COMPILATION_CONDITIONS = DEBUG;
				SWIFT_OPTIMIZATION_LEVEL = "-Onone";
			};
			name = Debug;
		};
		AEB13AA42608646500B70026 /* Release */ = {
			isa = XCBuildConfiguration;
			buildSettings = {
				ALWAYS_SEARCH_USER_PATHS = NO;
				CLANG_ANALYZER_NONNULL = YES;
				CLANG_ANALYZER_NUMBER_OBJECT_CONVERSION = YES_AGGRESSIVE;
				CLANG_CXX_LANGUAGE_STANDARD = "gnu++14";
				CLANG_CXX_LIBRARY = "libc++";
				CLANG_ENABLE_MODULES = YES;
				CLANG_ENABLE_OBJC_ARC = YES;
				CLANG_ENABLE_OBJC_WEAK = YES;
				CLANG_WARN_BLOCK_CAPTURE_AUTORELEASING = YES;
				CLANG_WARN_BOOL_CONVERSION = YES;
				CLANG_WARN_COMMA = YES;
				CLANG_WARN_CONSTANT_CONVERSION = YES;
				CLANG_WARN_DEPRECATED_OBJC_IMPLEMENTATIONS = YES;
				CLANG_WARN_DIRECT_OBJC_ISA_USAGE = YES_ERROR;
				CLANG_WARN_DOCUMENTATION_COMMENTS = YES;
				CLANG_WARN_EMPTY_BODY = YES;
				CLANG_WARN_ENUM_CONVERSION = YES;
				CLANG_WARN_INFINITE_RECURSION = YES;
				CLANG_WARN_INT_CONVERSION = YES;
				CLANG_WARN_NON_LITERAL_NULL_CONVERSION = YES;
				CLANG_WARN_OBJC_IMPLICIT_RETAIN_SELF = YES;
				CLANG_WARN_OBJC_LITERAL_CONVERSION = YES;
				CLANG_WARN_OBJC_ROOT_CLASS = YES_ERROR;
				CLANG_WARN_QUOTED_INCLUDE_IN_FRAMEWORK_HEADER = YES;
				CLANG_WARN_RANGE_LOOP_ANALYSIS = YES;
				CLANG_WARN_STRICT_PROTOTYPES = YES;
				CLANG_WARN_SUSPICIOUS_MOVE = YES;
				CLANG_WARN_UNGUARDED_AVAILABILITY = YES_AGGRESSIVE;
				CLANG_WARN_UNREACHABLE_CODE = YES;
				CLANG_WARN__DUPLICATE_METHOD_MATCH = YES;
				COPY_PHASE_STRIP = NO;
				DEBUG_INFORMATION_FORMAT = "dwarf-with-dsym";
				ENABLE_NS_ASSERTIONS = NO;
				ENABLE_STRICT_OBJC_MSGSEND = YES;
				GCC_C_LANGUAGE_STANDARD = gnu11;
				GCC_NO_COMMON_BLOCKS = YES;
				GCC_WARN_64_TO_32_BIT_CONVERSION = YES;
				GCC_WARN_ABOUT_RETURN_TYPE = YES_ERROR;
				GCC_WARN_UNDECLARED_SELECTOR = YES;
				GCC_WARN_UNINITIALIZED_AUTOS = YES_AGGRESSIVE;
				GCC_WARN_UNUSED_FUNCTION = YES;
				GCC_WARN_UNUSED_VARIABLE = YES;
				IPHONEOS_DEPLOYMENT_TARGET = 14.3;
				MTL_ENABLE_DEBUG_INFO = NO;
				MTL_FAST_MATH = YES;
				SDKROOT = iphoneos;
				SWIFT_COMPILATION_MODE = wholemodule;
				SWIFT_OPTIMIZATION_LEVEL = "-O";
				VALIDATE_PRODUCT = YES;
			};
			name = Release;
		};
		AEB13AA62608646500B70026 /* Debug */ = {
			isa = XCBuildConfiguration;
			buildSettings = {
				ASSETCATALOG_COMPILER_APPICON_NAME = AppIcon;
				ASSETCATALOG_COMPILER_GLOBAL_ACCENT_COLOR_NAME = AccentColor;
				CODE_SIGN_STYLE = Automatic;
				DEVELOPMENT_TEAM = 8G43M5CX79;
				INFOPLIST_FILE = PhotosApp/Info.plist;
				LD_RUNPATH_SEARCH_PATHS = (
					"$(inherited)",
					"@executable_path/Frameworks",
				);
				PRODUCT_BUNDLE_IDENTIFIER = Lia.PhotosApp;
				PRODUCT_NAME = "$(TARGET_NAME)";
				SWIFT_VERSION = 5.0;
				TARGETED_DEVICE_FAMILY = "1,2";
			};
			name = Debug;
		};
		AEB13AA72608646500B70026 /* Release */ = {
			isa = XCBuildConfiguration;
			buildSettings = {
				ASSETCATALOG_COMPILER_APPICON_NAME = AppIcon;
				ASSETCATALOG_COMPILER_GLOBAL_ACCENT_COLOR_NAME = AccentColor;
				CODE_SIGN_STYLE = Automatic;
				DEVELOPMENT_TEAM = 8G43M5CX79;
				INFOPLIST_FILE = PhotosApp/Info.plist;
				LD_RUNPATH_SEARCH_PATHS = (
					"$(inherited)",
					"@executable_path/Frameworks",
				);
				PRODUCT_BUNDLE_IDENTIFIER = Lia.PhotosApp;
				PRODUCT_NAME = "$(TARGET_NAME)";
				SWIFT_VERSION = 5.0;
				TARGETED_DEVICE_FAMILY = "1,2";
			};
			name = Release;
		};
/* End XCBuildConfiguration section */

/* Begin XCConfigurationList section */
		AEB13A8C2608646400B70026 /* Build configuration list for PBXProject "PhotosApp" */ = {
			isa = XCConfigurationList;
			buildConfigurations = (
				AEB13AA32608646500B70026 /* Debug */,
				AEB13AA42608646500B70026 /* Release */,
			);
			defaultConfigurationIsVisible = 0;
			defaultConfigurationName = Release;
		};
		AEB13AA52608646500B70026 /* Build configuration list for PBXNativeTarget "PhotosApp" */ = {
			isa = XCConfigurationList;
			buildConfigurations = (
				AEB13AA62608646500B70026 /* Debug */,
				AEB13AA72608646500B70026 /* Release */,
			);
			defaultConfigurationIsVisible = 0;
			defaultConfigurationName = Release;
		};
/* End XCConfigurationList section */
	};
	rootObject = AEB13A892608646400B70026 /* Project object */;
}
